
Microsoft Visual Studio Solution File, Format Version 12.00
# Visual Studio Version 16
VisualStudioVersion = 16.0.29613.14
MinimumVisualStudioVersion = 10.0.40219.1
Project("{9A19103F-16F7-4668-BE54-9A1E7A4F7556}") = "AgentOrange.Models", "AgentOrange.Models\AgentOrange.Models.csproj", "{F4E9D436-A06F-49EA-AF3F-8DF7A4584E9E}"
EndProject
Project("{FAE04EC0-301F-11D3-BF4B-00C04F79EFBC}") = "AgentOrangeZest", "AgentOrangeZest\AgentOrangeZest.csproj", "{A30A5D9F-1D78-46D7-BED4-D375CE878E38}"
EndProject
Project("{FAE04EC0-301F-11D3-BF4B-00C04F79EFBC}") = "API", "API\API.csproj", "{F4F886D9-5DA5-4165-94EE-5127570E8E6F}"
EndProject
Global
	GlobalSection(SolutionConfigurationPlatforms) = preSolution
		Debug|Any CPU = Debug|Any CPU
		Release|Any CPU = Release|Any CPU
	EndGlobalSection
	GlobalSection(ProjectConfigurationPlatforms) = postSolution
		{F4E9D436-A06F-49EA-AF3F-8DF7A4584E9E}.Debug|Any CPU.ActiveCfg = Debug|Any CPU
		{F4E9D436-A06F-49EA-AF3F-8DF7A4584E9E}.Debug|Any CPU.Build.0 = Debug|Any CPU
		{F4E9D436-A06F-49EA-AF3F-8DF7A4584E9E}.Release|Any CPU.ActiveCfg = Release|Any CPU
		{F4E9D436-A06F-49EA-AF3F-8DF7A4584E9E}.Release|Any CPU.Build.0 = Release|Any CPU
		{A30A5D9F-1D78-46D7-BED4-D375CE878E38}.Debug|Any CPU.ActiveCfg = Debug|Any CPU
		{A30A5D9F-1D78-46D7-BED4-D375CE878E38}.Debug|Any CPU.Build.0 = Debug|Any CPU
		{A30A5D9F-1D78-46D7-BED4-D375CE878E38}.Release|Any CPU.ActiveCfg = Release|Any CPU
		{A30A5D9F-1D78-46D7-BED4-D375CE878E38}.Release|Any CPU.Build.0 = Release|Any CPU
		{F4F886D9-5DA5-4165-94EE-5127570E8E6F}.Debug|Any CPU.ActiveCfg = Debug|Any CPU
		{F4F886D9-5DA5-4165-94EE-5127570E8E6F}.Debug|Any CPU.Build.0 = Debug|Any CPU
		{F4F886D9-5DA5-4165-94EE-5127570E8E6F}.Release|Any CPU.ActiveCfg = Release|Any CPU
		{F4F886D9-5DA5-4165-94EE-5127570E8E6F}.Release|Any CPU.Build.0 = Release|Any CPU
	EndGlobalSection
	GlobalSection(SolutionProperties) = preSolution
		HideSolutionNode = FALSE
	EndGlobalSection
	GlobalSection(ExtensibilityGlobals) = postSolution
		SolutionGuid = {7A6E9E6E-46E2-493E-98F2-7A58ED82E8AF}
	EndGlobalSection
EndGlobal
